// !$*UTF8*$!
{
	archiveVersion = 1;
	classes = {
	};
	objectVersion = 70;
	objects = {

/* Begin PBXBuildFile section */
		79B20CE52D426A420069FFAD /* Kingfisher in Frameworks */ = {isa = PBXBuildFile; productRef = 79B20CE42D426A420069FFAD /* Kingfisher */; };
		79B20CE82D426A870069FFAD /* FirebaseAnalytics in Frameworks */ = {isa = PBXBuildFile; productRef = 79B20CE72D426A870069FFAD /* FirebaseAnalytics */; };
		79B20CEA2D426A870069FFAD /* FirebaseAnalyticsOnDeviceConversion in Frameworks */ = {isa = PBXBuildFile; productRef = 79B20CE92D426A870069FFAD /* FirebaseAnalyticsOnDeviceConversion */; };
		79B20CEC2D426A870069FFAD /* FirebaseAnalyticsWithoutAdIdSupport in Frameworks */ = {isa = PBXBuildFile; productRef = 79B20CEB2D426A870069FFAD /* FirebaseAnalyticsWithoutAdIdSupport */; };
		79B20CEE2D426A870069FFAD /* FirebaseAppCheck in Frameworks */ = {isa = PBXBuildFile; productRef = 79B20CED2D426A870069FFAD /* FirebaseAppCheck */; };
		79B20CF02D426A870069FFAD /* FirebaseAppDistribution-Beta in Frameworks */ = {isa = PBXBuildFile; productRef = 79B20CEF2D426A870069FFAD /* FirebaseAppDistribution-Beta */; };
		79B20CF22D426C290069FFAD /* FirebaseAuth in Frameworks */ = {isa = PBXBuildFile; productRef = 79B20CF12D426C290069FFAD /* FirebaseAuth */; };
		79B20CF42D426C400069FFAD /* FirebaseCore in Frameworks */ = {isa = PBXBuildFile; productRef = 79B20CF32D426C400069FFAD /* FirebaseCore */; };
		79B20CF62D426C400069FFAD /* FirebaseFirestore in Frameworks */ = {isa = PBXBuildFile; productRef = 79B20CF52D426C400069FFAD /* FirebaseFirestore */; };
		79B20CF82D426C540069FFAD /* FirebaseStorage in Frameworks */ = {isa = PBXBuildFile; productRef = 79B20CF72D426C540069FFAD /* FirebaseStorage */; };
/* End PBXBuildFile section */

/* Begin PBXContainerItemProxy section */
		7989A6BB2CD1648300DFC039 /* PBXContainerItemProxy */ = {
			isa = PBXContainerItemProxy;
			containerPortal = 7989A6A22CD1648200DFC039 /* Project object */;
			proxyType = 1;
			remoteGlobalIDString = 7989A6A92CD1648200DFC039;
			remoteInfo = Dare;
		};
		7989A6C52CD1648300DFC039 /* PBXContainerItemProxy */ = {
			isa = PBXContainerItemProxy;
			containerPortal = 7989A6A22CD1648200DFC039 /* Project object */;
			proxyType = 1;
			remoteGlobalIDString = 7989A6A92CD1648200DFC039;
			remoteInfo = Dare;
		};
/* End PBXContainerItemProxy section */

/* Begin PBXFileReference section */
		7989A6AA2CD1648200DFC039 /* Dare.app */ = {isa = PBXFileReference; explicitFileType = wrapper.application; includeInIndex = 0; path = Dare.app; sourceTree = BUILT_PRODUCTS_DIR; };
		7989A6BA2CD1648300DFC039 /* DareTests.xctest */ = {isa = PBXFileReference; explicitFileType = wrapper.cfbundle; includeInIndex = 0; path = DareTests.xctest; sourceTree = BUILT_PRODUCTS_DIR; };
		7989A6C42CD1648300DFC039 /* DareUITests.xctest */ = {isa = PBXFileReference; explicitFileType = wrapper.cfbundle; includeInIndex = 0; path = DareUITests.xctest; sourceTree = BUILT_PRODUCTS_DIR; };
		7989AA782CD17BB200DFC039 /* libc++.tbd */ = {isa = PBXFileReference; lastKnownFileType = "sourcecode.text-based-dylib-definition"; name = "libc++.tbd"; path = "usr/lib/libc++.tbd"; sourceTree = SDKROOT; };
/* End PBXFileReference section */

/* Begin PBXFileSystemSynchronizedBuildFileExceptionSet section */
		79B13F832E8D67880091DC75 /* PBXFileSystemSynchronizedBuildFileExceptionSet */ = {
			isa = PBXFileSystemSynchronizedBuildFileExceptionSet;
			membershipExceptions = (
				Info.plist,
			);
			target = 7989A6A92CD1648200DFC039 /* Dare */;
		};
/* End PBXFileSystemSynchronizedBuildFileExceptionSet section */

/* Begin PBXFileSystemSynchronizedRootGroup section */
		7989A6AC2CD1648200DFC039 /* Dare */ = {isa = PBXFileSystemSynchronizedRootGroup; exceptions = (79B13F832E8D67880091DC75 /* PBXFileSystemSynchronizedBuildFileExceptionSet */, ); explicitFileTypes = {}; explicitFolders = (); path = Dare; sourceTree = "<group>"; };
		7989A6BD2CD1648300DFC039 /* DareTests */ = {isa = PBXFileSystemSynchronizedRootGroup; explicitFileTypes = {}; explicitFolders = (); path = DareTests; sourceTree = "<group>"; };
		7989A6C72CD1648300DFC039 /* DareUITests */ = {isa = PBXFileSystemSynchronizedRootGroup; explicitFileTypes = {}; explicitFolders = (); path = DareUITests; sourceTree = "<group>"; };
/* End PBXFileSystemSynchronizedRootGroup section */

/* Begin PBXFrameworksBuildPhase section */
		7989A6A72CD1648200DFC039 /* Frameworks */ = {
			isa = PBXFrameworksBuildPhase;
			buildActionMask = 2147483647;
			files = (
				79B20CE82D426A870069FFAD /* FirebaseAnalytics in Frameworks */,
				79B20CEA2D426A870069FFAD /* FirebaseAnalyticsOnDeviceConversion in Frameworks */,
				79B20CE52D426A420069FFAD /* Kingfisher in Frameworks */,
				79B20CF82D426C540069FFAD /* FirebaseStorage in Frameworks */,
				79B20CEE2D426A870069FFAD /* FirebaseAppCheck in Frameworks */,
				79B20CEC2D426A870069FFAD /* FirebaseAnalyticsWithoutAdIdSupport in Frameworks */,
				79B20CF62D426C400069FFAD /* FirebaseFirestore in Frameworks */,
				79B20CF22D426C290069FFAD /* FirebaseAuth in Frameworks */,
				79B20CF42D426C400069FFAD /* FirebaseCore in Frameworks */,
				79B20CF02D426A870069FFAD /* FirebaseAppDistribution-Beta in Frameworks */,
			);
			runOnlyForDeploymentPostprocessing = 0;
		};
		7989A6B72CD1648300DFC039 /* Frameworks */ = {
			isa = PBXFrameworksBuildPhase;
			buildActionMask = 2147483647;
			files = (
			);
			runOnlyForDeploymentPostprocessing = 0;
		};
		7989A6C12CD1648300DFC039 /* Frameworks */ = {
			isa = PBXFrameworksBuildPhase;
			buildActionMask = 2147483647;
			files = (
			);
			runOnlyForDeploymentPostprocessing = 0;
		};
/* End PBXFrameworksBuildPhase section */

/* Begin PBXGroup section */
		04817924077161143B47888B /* Frameworks */ = {
			isa = PBXGroup;
			children = (
				7989AA782CD17BB200DFC039 /* libc++.tbd */,
			);
			name = Frameworks;
			sourceTree = "<group>";
		};
		7989A6A12CD1648200DFC039 = {
			isa = PBXGroup;
			children = (
				7989A6AC2CD1648200DFC039 /* Dare */,
				7989A6BD2CD1648300DFC039 /* DareTests */,
				7989A6C72CD1648300DFC039 /* DareUITests */,
				7989A6AB2CD1648200DFC039 /* Products */,
				04817924077161143B47888B /* Frameworks */,
			);
			sourceTree = "<group>";
		};
		7989A6AB2CD1648200DFC039 /* Products */ = {
			isa = PBXGroup;
			children = (
				7989A6AA2CD1648200DFC039 /* Dare.app */,
				7989A6BA2CD1648300DFC039 /* DareTests.xctest */,
				7989A6C42CD1648300DFC039 /* DareUITests.xctest */,
			);
			name = Products;
			sourceTree = "<group>";
		};
/* End PBXGroup section */

/* Begin PBXNativeTarget section */
		7989A6A92CD1648200DFC039 /* Dare */ = {
			isa = PBXNativeTarget;
			buildConfigurationList = 7989A6CE2CD1648300DFC039 /* Build configuration list for PBXNativeTarget "Dare" */;
			buildPhases = (
				7989A6A62CD1648200DFC039 /* Sources */,
				7989A6A72CD1648200DFC039 /* Frameworks */,
				7989A6A82CD1648200DFC039 /* Resources */,
			);
			buildRules = (
			);
			dependencies = (
			);
			fileSystemSynchronizedGroups = (
				7989A6AC2CD1648200DFC039 /* Dare */,
			);
			name = Dare;
			productName = Dare;
			productReference = 7989A6AA2CD1648200DFC039 /* Dare.app */;
			productType = "com.apple.product-type.application";
		};
		7989A6B92CD1648300DFC039 /* DareTests */ = {
			isa = PBXNativeTarget;
			buildConfigurationList = 7989A6D12CD1648300DFC039 /* Build configuration list for PBXNativeTarget "DareTests" */;
			buildPhases = (
				7989A6B62CD1648300DFC039 /* Sources */,
				7989A6B72CD1648300DFC039 /* Frameworks */,
				7989A6B82CD1648300DFC039 /* Resources */,
			);
			buildRules = (
			);
			dependencies = (
				7989A6BC2CD1648300DFC039 /* PBXTargetDependency */,
			);
			fileSystemSynchronizedGroups = (
				7989A6BD2CD1648300DFC039 /* DareTests */,
			);
			name = DareTests;
			productName = DareTests;
			productReference = 7989A6BA2CD1648300DFC039 /* DareTests.xctest */;
			productType = "com.apple.product-type.bundle.unit-test";
		};
		7989A6C32CD1648300DFC039 /* DareUITests */ = {
			isa = PBXNativeTarget;
			buildConfigurationList = 7989A6D42CD1648300DFC039 /* Build configuration list for PBXNativeTarget "DareUITests" */;
			buildPhases = (
				7989A6C02CD1648300DFC039 /* Sources */,
				7989A6C12CD1648300DFC039 /* Frameworks */,
				7989A6C22CD1648300DFC039 /* Resources */,
			);
			buildRules = (
			);
			dependencies = (
				7989A6C62CD1648300DFC039 /* PBXTargetDependency */,
			);
			fileSystemSynchronizedGroups = (
				7989A6C72CD1648300DFC039 /* DareUITests */,
			);
			name = DareUITests;
			productName = DareUITests;
			productReference = 7989A6C42CD1648300DFC039 /* DareUITests.xctest */;
			productType = "com.apple.product-type.bundle.ui-testing";
		};
/* End PBXNativeTarget section */

/* Begin PBXProject section */
		7989A6A22CD1648200DFC039 /* Project object */ = {
			isa = PBXProject;
			attributes = {
				BuildIndependentTargetsInParallel = 1;
				LastSwiftUpdateCheck = 1600;
				LastUpgradeCheck = 2600;
				TargetAttributes = {
					7989A6A92CD1648200DFC039 = {
						CreatedOnToolsVersion = 16.0;
					};
					7989A6B92CD1648300DFC039 = {
						CreatedOnToolsVersion = 16.0;
						TestTargetID = 7989A6A92CD1648200DFC039;
					};
					7989A6C32CD1648300DFC039 = {
						CreatedOnToolsVersion = 16.0;
						TestTargetID = 7989A6A92CD1648200DFC039;
					};
				};
			};
			buildConfigurationList = 7989A6A52CD1648200DFC039 /* Build configuration list for PBXProject "Dare" */;
			compatibilityVersion = "Xcode 13.0";
			developmentRegion = en;
			hasScannedForEncodings = 0;
			knownRegions = (
				en,
				Base,
			);
			mainGroup = 7989A6A12CD1648200DFC039;
			minimizedProjectReferenceProxies = 1;
			packageReferences = (
				79B20CE32D426A420069FFAD /* XCRemoteSwiftPackageReference "Kingfisher" */,
				79B20CE62D426A870069FFAD /* XCRemoteSwiftPackageReference "firebase-ios-sdk" */,
			);
			productRefGroup = 7989A6AB2CD1648200DFC039 /* Products */;
			projectDirPath = "";
			projectRoot = "";
			targets = (
				7989A6A92CD1648200DFC039 /* Dare */,
				7989A6B92CD1648300DFC039 /* DareTests */,
				7989A6C32CD1648300DFC039 /* DareUITests */,
			);
		};
/* End PBXProject section */

/* Begin PBXResourcesBuildPhase section */
		7989A6A82CD1648200DFC039 /* Resources */ = {
			isa = PBXResourcesBuildPhase;
			buildActionMask = 2147483647;
			files = (
			);
			runOnlyForDeploymentPostprocessing = 0;
		};
		7989A6B82CD1648300DFC039 /* Resources */ = {
			isa = PBXResourcesBuildPhase;
			buildActionMask = 2147483647;
			files = (
			);
			runOnlyForDeploymentPostprocessing = 0;
		};
		7989A6C22CD1648300DFC039 /* Resources */ = {
			isa = PBXResourcesBuildPhase;
			buildActionMask = 2147483647;
			files = (
			);
			runOnlyForDeploymentPostprocessing = 0;
		};
/* End PBXResourcesBuildPhase section */

/* Begin PBXSourcesBuildPhase section */
		7989A6A62CD1648200DFC039 /* Sources */ = {
			isa = PBXSourcesBuildPhase;
			buildActionMask = 2147483647;
			files = (
			);
			runOnlyForDeploymentPostprocessing = 0;
		};
		7989A6B62CD1648300DFC039 /* Sources */ = {
			isa = PBXSourcesBuildPhase;
			buildActionMask = 2147483647;
			files = (
			);
			runOnlyForDeploymentPostprocessing = 0;
		};
		7989A6C02CD1648300DFC039 /* Sources */ = {
			isa = PBXSourcesBuildPhase;
			buildActionMask = 2147483647;
			files = (
			);
			runOnlyForDeploymentPostprocessing = 0;
		};
/* End PBXSourcesBuildPhase section */

/* Begin PBXTargetDependency section */
		7989A6BC2CD1648300DFC039 /* PBXTargetDependency */ = {
			isa = PBXTargetDependency;
			target = 7989A6A92CD1648200DFC039 /* Dare */;
			targetProxy = 7989A6BB2CD1648300DFC039 /* PBXContainerItemProxy */;
		};
		7989A6C62CD1648300DFC039 /* PBXTargetDependency */ = {
			isa = PBXTargetDependency;
			target = 7989A6A92CD1648200DFC039 /* Dare */;
			targetProxy = 7989A6C52CD1648300DFC039 /* PBXContainerItemProxy */;
		};
/* End PBXTargetDependency section */

/* Begin XCBuildConfiguration section */
		7989A6CC2CD1648300DFC039 /* Debug */ = {
			isa = XCBuildConfiguration;
			buildSettings = {
				ALWAYS_SEARCH_USER_PATHS = NO;
				ASSETCATALOG_COMPILER_GENERATE_SWIFT_ASSET_SYMBOL_EXTENSIONS = YES;
				CLANG_ANALYZER_NONNULL = YES;
				CLANG_ANALYZER_NUMBER_OBJECT_CONVERSION = YES_AGGRESSIVE;
				CLANG_CXX_LANGUAGE_STANDARD = "gnu++20";
				CLANG_ENABLE_MODULES = YES;
				CLANG_ENABLE_OBJC_ARC = YES;
				CLANG_ENABLE_OBJC_WEAK = YES;
				CLANG_WARN_BLOCK_CAPTURE_AUTORELEASING = YES;
				CLANG_WARN_BOOL_CONVERSION = YES;
				CLANG_WARN_COMMA = YES;
				CLANG_WARN_CONSTANT_CONVERSION = YES;
				CLANG_WARN_DEPRECATED_OBJC_IMPLEMENTATIONS = YES;
				CLANG_WARN_DIRECT_OBJC_ISA_USAGE = YES_ERROR;
				CLANG_WARN_DOCUMENTATION_COMMENTS = YES;
				CLANG_WARN_EMPTY_BODY = YES;
				CLANG_WARN_ENUM_CONVERSION = YES;
				CLANG_WARN_INFINITE_RECURSION = YES;
				CLANG_WARN_INT_CONVERSION = YES;
				CLANG_WARN_NON_LITERAL_NULL_CONVERSION = YES;
				CLANG_WARN_OBJC_IMPLICIT_RETAIN_SELF = YES;
				CLANG_WARN_OBJC_LITERAL_CONVERSION = YES;
				CLANG_WARN_OBJC_ROOT_CLASS = YES_ERROR;
				CLANG_WARN_QUOTED_INCLUDE_IN_FRAMEWORK_HEADER = YES;
				CLANG_WARN_RANGE_LOOP_ANALYSIS = YES;
				CLANG_WARN_STRICT_PROTOTYPES = YES;
				CLANG_WARN_SUSPICIOUS_MOVE = YES;
				CLANG_WARN_UNGUARDED_AVAILABILITY = YES_AGGRESSIVE;
				CLANG_WARN_UNREACHABLE_CODE = YES;
				CLANG_WARN__DUPLICATE_METHOD_MATCH = YES;
				COPY_PHASE_STRIP = NO;
				DEBUG_INFORMATION_FORMAT = dwarf;
				DEVELOPMENT_TEAM = 5Y3JWNKXB7;
				ENABLE_STRICT_OBJC_MSGSEND = YES;
				ENABLE_TESTABILITY = YES;
				ENABLE_USER_SCRIPT_SANDBOXING = YES;
				GCC_C_LANGUAGE_STANDARD = gnu17;
				GCC_DYNAMIC_NO_PIC = NO;
				GCC_NO_COMMON_BLOCKS = YES;
				GCC_OPTIMIZATION_LEVEL = 0;
				GCC_PREPROCESSOR_DEFINITIONS = (
					"DEBUG=1",
					"$(inherited)",
				);
				GCC_WARN_64_TO_32_BIT_CONVERSION = YES;
				GCC_WARN_ABOUT_RETURN_TYPE = YES_ERROR;
				GCC_WARN_UNDECLARED_SELECTOR = YES;
				GCC_WARN_UNINITIALIZED_AUTOS = YES_AGGRESSIVE;
				GCC_WARN_UNUSED_FUNCTION = YES;
				GCC_WARN_UNUSED_VARIABLE = YES;
				INFOPLIST_FILE = Dare/Info.plist;
				IPHONEOS_DEPLOYMENT_TARGET = 18.0;
				LOCALIZATION_PREFERS_STRING_CATALOGS = YES;
				MTL_ENABLE_DEBUG_INFO = INCLUDE_SOURCE;
				MTL_FAST_MATH = YES;
				ONLY_ACTIVE_ARCH = YES;
				SDKROOT = iphoneos;
				STRING_CATALOG_GENERATE_SYMBOLS = YES;
				SWIFT_ACTIVE_COMPILATION_CONDITIONS = "DEBUG $(inherited)";
				SWIFT_OPTIMIZATION_LEVEL = "-Onone";
			};
			name = Debug;
		};
		7989A6CD2CD1648300DFC039 /* Release */ = {
			isa = XCBuildConfiguration;
			buildSettings = {
				ALWAYS_SEARCH_USER_PATHS = NO;
				ASSETCATALOG_COMPILER_GENERATE_SWIFT_ASSET_SYMBOL_EXTENSIONS = YES;
				CLANG_ANALYZER_NONNULL = YES;
				CLANG_ANALYZER_NUMBER_OBJECT_CONVERSION = YES_AGGRESSIVE;
				CLANG_CXX_LANGUAGE_STANDARD = "gnu++20";
				CLANG_ENABLE_MODULES = YES;
				CLANG_ENABLE_OBJC_ARC = YES;
				CLANG_ENABLE_OBJC_WEAK = YES;
				CLANG_WARN_BLOCK_CAPTURE_AUTORELEASING = YES;
				CLANG_WARN_BOOL_CONVERSION = YES;
				CLANG_WARN_COMMA = YES;
				CLANG_WARN_CONSTANT_CONVERSION = YES;
				CLANG_WARN_DEPRECATED_OBJC_IMPLEMENTATIONS = YES;
				CLANG_WARN_DIRECT_OBJC_ISA_USAGE = YES_ERROR;
				CLANG_WARN_DOCUMENTATION_COMMENTS = YES;
				CLANG_WARN_EMPTY_BODY = YES;
				CLANG_WARN_ENUM_CONVERSION = YES;
				CLANG_WARN_INFINITE_RECURSION = YES;
				CLANG_WARN_INT_CONVERSION = YES;
				CLANG_WARN_NON_LITERAL_NULL_CONVERSION = YES;
				CLANG_WARN_OBJC_IMPLICIT_RETAIN_SELF = YES;
				CLANG_WARN_OBJC_LITERAL_CONVERSION = YES;
				CLANG_WARN_OBJC_ROOT_CLASS = YES_ERROR;
				CLANG_WARN_QUOTED_INCLUDE_IN_FRAMEWORK_HEADER = YES;
				CLANG_WARN_RANGE_LOOP_ANALYSIS = YES;
				CLANG_WARN_STRICT_PROTOTYPES = YES;
				CLANG_WARN_SUSPICIOUS_MOVE = YES;
				CLANG_WARN_UNGUARDED_AVAILABILITY = YES_AGGRESSIVE;
				CLANG_WARN_UNREACHABLE_CODE = YES;
				CLANG_WARN__DUPLICATE_METHOD_MATCH = YES;
				COPY_PHASE_STRIP = NO;
				DEBUG_INFORMATION_FORMAT = "dwarf-with-dsym";
				DEVELOPMENT_TEAM = 5Y3JWNKXB7;
				ENABLE_NS_ASSERTIONS = NO;
				ENABLE_STRICT_OBJC_MSGSEND = YES;
				ENABLE_USER_SCRIPT_SANDBOXING = YES;
				GCC_C_LANGUAGE_STANDARD = gnu17;
				GCC_NO_COMMON_BLOCKS = YES;
				GCC_WARN_64_TO_32_BIT_CONVERSION = YES;
				GCC_WARN_ABOUT_RETURN_TYPE = YES_ERROR;
				GCC_WARN_UNDECLARED_SELECTOR = YES;
				GCC_WARN_UNINITIALIZED_AUTOS = YES_AGGRESSIVE;
				GCC_WARN_UNUSED_FUNCTION = YES;
				GCC_WARN_UNUSED_VARIABLE = YES;
				INFOPLIST_FILE = Dare/Info.plist;
				IPHONEOS_DEPLOYMENT_TARGET = 18.0;
				LOCALIZATION_PREFERS_STRING_CATALOGS = YES;
				MTL_ENABLE_DEBUG_INFO = NO;
				MTL_FAST_MATH = YES;
				SDKROOT = iphoneos;
				STRING_CATALOG_GENERATE_SYMBOLS = YES;
				SWIFT_COMPILATION_MODE = wholemodule;
				VALIDATE_PRODUCT = YES;
			};
			name = Release;
		};
		7989A6CF2CD1648300DFC039 /* Debug */ = {
			isa = XCBuildConfiguration;
			buildSettings = {
				ASSETCATALOG_COMPILER_APPICON_NAME = AppIcon;
				ASSETCATALOG_COMPILER_GLOBAL_ACCENT_COLOR_NAME = AccentColor;
				CODE_SIGN_IDENTITY = "Apple Development";
				CODE_SIGN_STYLE = Automatic;
				CURRENT_PROJECT_VERSION = 1;
				DEVELOPMENT_ASSET_PATHS = "\"Dare/Preview Content\"";
				ENABLE_PREVIEWS = YES;
				EXCLUDED_ARCHS = "x86_64-ios-simulator x86_64";
				GENERATE_INFOPLIST_FILE = YES;
				INFOPLIST_FILE = Dare/Info.plist;
				INFOPLIST_KEY_UIApplicationSceneManifest_Generation = YES;
				INFOPLIST_KEY_UIApplicationSupportsIndirectInputEvents = YES;
				INFOPLIST_KEY_UILaunchScreen_Generation = YES;
				INFOPLIST_KEY_UISupportedInterfaceOrientations_iPad = "UIInterfaceOrientationPortrait UIInterfaceOrientationPortraitUpsideDown UIInterfaceOrientationLandscapeLeft UIInterfaceOrientationLandscapeRight";
				INFOPLIST_KEY_UISupportedInterfaceOrientations_iPhone = "UIInterfaceOrientationPortrait UIInterfaceOrientationLandscapeLeft UIInterfaceOrientationLandscapeRight";
				IPHONEOS_DEPLOYMENT_TARGET = 18.0;
				LD_RUNPATH_SEARCH_PATHS = (
					"$(inherited)",
					"@executable_path/Frameworks",
				);
				MARKETING_VERSION = 1.0;
				ONLY_ACTIVE_ARCH = NO;
				PRODUCT_BUNDLE_IDENTIFIER = com.moroentertainment.dare.Dare;
				PRODUCT_NAME = "$(TARGET_NAME)";
				PROVISIONING_PROFILE_SPECIFIER = "";
				SWIFT_EMIT_LOC_STRINGS = YES;
				SWIFT_VERSION = 5.0;
				TARGETED_DEVICE_FAMILY = "1,2";
			};
			name = Debug;
		};
		7989A6D02CD1648300DFC039 /* Release */ = {
			isa = XCBuildConfiguration;
			buildSettings = {
				ASSETCATALOG_COMPILER_APPICON_NAME = AppIcon;
				ASSETCATALOG_COMPILER_GLOBAL_ACCENT_COLOR_NAME = AccentColor;
				CODE_SIGN_IDENTITY = "Apple Development";
				CODE_SIGN_STYLE = Automatic;
				CURRENT_PROJECT_VERSION = 1;
				DEVELOPMENT_ASSET_PATHS = "\"Dare/Preview Content\"";
				ENABLE_PREVIEWS = YES;
				EXCLUDED_ARCHS = "x86_64-ios-simulator x86_64";
				GENERATE_INFOPLIST_FILE = YES;
				INFOPLIST_FILE = Dare/Info.plist;
				INFOPLIST_KEY_UIApplicationSceneManifest_Generation = YES;
				INFOPLIST_KEY_UIApplicationSupportsIndirectInputEvents = YES;
				INFOPLIST_KEY_UILaunchScreen_Generation = YES;
				INFOPLIST_KEY_UISupportedInterfaceOrientations_iPad = "UIInterfaceOrientationPortrait UIInterfaceOrientationPortraitUpsideDown UIInterfaceOrientationLandscapeLeft UIInterfaceOrientationLandscapeRight";
				INFOPLIST_KEY_UISupportedInterfaceOrientations_iPhone = "UIInterfaceOrientationPortrait UIInterfaceOrientationLandscapeLeft UIInterfaceOrientationLandscapeRight";
				IPHONEOS_DEPLOYMENT_TARGET = 18.0;
				LD_RUNPATH_SEARCH_PATHS = (
					"$(inherited)",
					"@executable_path/Frameworks",
				);
				MARKETING_VERSION = 1.0;
				ONLY_ACTIVE_ARCH = NO;
				PRODUCT_BUNDLE_IDENTIFIER = com.moroentertainment.dare.Dare;
				PRODUCT_NAME = "$(TARGET_NAME)";
				PROVISIONING_PROFILE_SPECIFIER = "";
				SWIFT_EMIT_LOC_STRINGS = YES;
				SWIFT_VERSION = 5.0;
				TARGETED_DEVICE_FAMILY = "1,2";
			};
			name = Release;
		};
		7989A6D22CD1648300DFC039 /* Debug */ = {
			isa = XCBuildConfiguration;
			buildSettings = {
				BUNDLE_LOADER = "$(TEST_HOST)";
				CODE_SIGN_STYLE = Automatic;
				CURRENT_PROJECT_VERSION = 1;
				GENERATE_INFOPLIST_FILE = YES;
				IPHONEOS_DEPLOYMENT_TARGET = 18.0;
				MARKETING_VERSION = 1.0;
				PRODUCT_BUNDLE_IDENTIFIER = com.moroentertainment.dare.DareTests;
				PRODUCT_NAME = "$(TARGET_NAME)";
				SWIFT_EMIT_LOC_STRINGS = NO;
				SWIFT_VERSION = 5.0;
				TARGETED_DEVICE_FAMILY = "1,2";
				TEST_HOST = "$(BUILT_PRODUCTS_DIR)/Dare.app/$(BUNDLE_EXECUTABLE_FOLDER_PATH)/Dare";
			};
			name = Debug;
		};
		7989A6D32CD1648300DFC039 /* Release */ = {
			isa = XCBuildConfiguration;
			buildSettings = {
				BUNDLE_LOADER = "$(TEST_HOST)";
				CODE_SIGN_STYLE = Automatic;
				CURRENT_PROJECT_VERSION = 1;
				GENERATE_INFOPLIST_FILE = YES;
				IPHONEOS_DEPLOYMENT_TARGET = 18.0;
				MARKETING_VERSION = 1.0;
				PRODUCT_BUNDLE_IDENTIFIER = com.moroentertainment.dare.DareTests;
				PRODUCT_NAME = "$(TARGET_NAME)";
				SWIFT_EMIT_LOC_STRINGS = NO;
				SWIFT_VERSION = 5.0;
				TARGETED_DEVICE_FAMILY = "1,2";
				TEST_HOST = "$(BUILT_PRODUCTS_DIR)/Dare.app/$(BUNDLE_EXECUTABLE_FOLDER_PATH)/Dare";
			};
			name = Release;
		};
		7989A6D52CD1648300DFC039 /* Debug */ = {
			isa = XCBuildConfiguration;
			buildSettings = {
				CODE_SIGN_STYLE = Automatic;
				CURRENT_PROJECT_VERSION = 1;
				GENERATE_INFOPLIST_FILE = YES;
				MARKETING_VERSION = 1.0;
				PRODUCT_BUNDLE_IDENTIFIER = com.moroentertainment.dare.DareUITests;
				PRODUCT_NAME = "$(TARGET_NAME)";
				SWIFT_EMIT_LOC_STRINGS = NO;
				SWIFT_VERSION = 5.0;
				TARGETED_DEVICE_FAMILY = "1,2";
				TEST_TARGET_NAME = Dare;
			};
			name = Debug;
		};
		7989A6D62CD1648300DFC039 /* Release */ = {
			isa = XCBuildConfiguration;
			buildSettings = {
				CODE_SIGN_STYLE = Automatic;
				CURRENT_PROJECT_VERSION = 1;
				GENERATE_INFOPLIST_FILE = YES;
				MARKETING_VERSION = 1.0;
				PRODUCT_BUNDLE_IDENTIFIER = com.moroentertainment.dare.DareUITests;
				PRODUCT_NAME = "$(TARGET_NAME)";
				SWIFT_EMIT_LOC_STRINGS = NO;
				SWIFT_VERSION = 5.0;
				TARGETED_DEVICE_FAMILY = "1,2";
				TEST_TARGET_NAME = Dare;
			};
			name = Release;
		};
/* End XCBuildConfiguration section */

/* Begin XCConfigurationList section */
		7989A6A52CD1648200DFC039 /* Build configuration list for PBXProject "Dare" */ = {
			isa = XCConfigurationList;
			buildConfigurations = (
				7989A6CC2CD1648300DFC039 /* Debug */,
				7989A6CD2CD1648300DFC039 /* Release */,
			);
			defaultConfigurationIsVisible = 0;
			defaultConfigurationName = Release;
		};
		7989A6CE2CD1648300DFC039 /* Build configuration list for PBXNativeTarget "Dare" */ = {
			isa = XCConfigurationList;
			buildConfigurations = (
				7989A6CF2CD1648300DFC039 /* Debug */,
				7989A6D02CD1648300DFC039 /* Release */,
			);
			defaultConfigurationIsVisible = 0;
			defaultConfigurationName = Release;
		};
		7989A6D12CD1648300DFC039 /* Build configuration list for PBXNativeTarget "DareTests" */ = {
			isa = XCConfigurationList;
			buildConfigurations = (
				7989A6D22CD1648300DFC039 /* Debug */,
				7989A6D32CD1648300DFC039 /* Release */,
			);
			defaultConfigurationIsVisible = 0;
			defaultConfigurationName = Release;
		};
		7989A6D42CD1648300DFC039 /* Build configuration list for PBXNativeTarget "DareUITests" */ = {
			isa = XCConfigurationList;
			buildConfigurations = (
				7989A6D52CD1648300DFC039 /* Debug */,
				7989A6D62CD1648300DFC039 /* Release */,
			);
			defaultConfigurationIsVisible = 0;
			defaultConfigurationName = Release;
		};
/* End XCConfigurationList section */

/* Begin XCRemoteSwiftPackageReference section */
		79B20CE32D426A420069FFAD /* XCRemoteSwiftPackageReference "Kingfisher" */ = {
			isa = XCRemoteSwiftPackageReference;
			repositoryURL = "https://github.com/onevcat/Kingfisher.git";
			requirement = {
				kind = upToNextMajorVersion;
				minimumVersion = 8.1.3;
			};
		};
		79B20CE62D426A870069FFAD /* XCRemoteSwiftPackageReference "firebase-ios-sdk" */ = {
			isa = XCRemoteSwiftPackageReference;
			repositoryURL = "https://github.com/firebase/firebase-ios-sdk";
			requirement = {
				kind = upToNextMajorVersion;
				minimumVersion = 11.7.0;
			};
		};
/* End XCRemoteSwiftPackageReference section */

/* Begin XCSwiftPackageProductDependency section */
		79B20CE42D426A420069FFAD /* Kingfisher */ = {
			isa = XCSwiftPackageProductDependency;
			package = 79B20CE32D426A420069FFAD /* XCRemoteSwiftPackageReference "Kingfisher" */;
			productName = Kingfisher;
		};
		79B20CE72D426A870069FFAD /* FirebaseAnalytics */ = {
			isa = XCSwiftPackageProductDependency;
			package = 79B20CE62D426A870069FFAD /* XCRemoteSwiftPackageReference "firebase-ios-sdk" */;
			productName = FirebaseAnalytics;
		};
		79B20CE92D426A870069FFAD /* FirebaseAnalyticsOnDeviceConversion */ = {
			isa = XCSwiftPackageProductDependency;
			package = 79B20CE62D426A870069FFAD /* XCRemoteSwiftPackageReference "firebase-ios-sdk" */;
			productName = FirebaseAnalyticsOnDeviceConversion;
		};
		79B20CEB2D426A870069FFAD /* FirebaseAnalyticsWithoutAdIdSupport */ = {
			isa = XCSwiftPackageProductDependency;
			package = 79B20CE62D426A870069FFAD /* XCRemoteSwiftPackageReference "firebase-ios-sdk" */;
			productName = FirebaseAnalyticsWithoutAdIdSupport;
		};
		79B20CED2D426A870069FFAD /* FirebaseAppCheck */ = {
			isa = XCSwiftPackageProductDependency;
			package = 79B20CE62D426A870069FFAD /* XCRemoteSwiftPackageReference "firebase-ios-sdk" */;
			productName = FirebaseAppCheck;
		};
		79B20CEF2D426A870069FFAD /* FirebaseAppDistribution-Beta */ = {
			isa = XCSwiftPackageProductDependency;
			package = 79B20CE62D426A870069FFAD /* XCRemoteSwiftPackageReference "firebase-ios-sdk" */;
			productName = "FirebaseAppDistribution-Beta";
		};
		79B20CF12D426C290069FFAD /* FirebaseAuth */ = {
			isa = XCSwiftPackageProductDependency;
			package = 79B20CE62D426A870069FFAD /* XCRemoteSwiftPackageReference "firebase-ios-sdk" */;
			productName = FirebaseAuth;
		};
		79B20CF32D426C400069FFAD /* FirebaseCore */ = {
			isa = XCSwiftPackageProductDependency;
			package = 79B20CE62D426A870069FFAD /* XCRemoteSwiftPackageReference "firebase-ios-sdk" */;
			productName = FirebaseCore;
		};
		79B20CF52D426C400069FFAD /* FirebaseFirestore */ = {
			isa = XCSwiftPackageProductDependency;
			package = 79B20CE62D426A870069FFAD /* XCRemoteSwiftPackageReference "firebase-ios-sdk" */;
			productName = FirebaseFirestore;
		};
		79B20CF72D426C540069FFAD /* FirebaseStorage */ = {
			isa = XCSwiftPackageProductDependency;
			package = 79B20CE62D426A870069FFAD /* XCRemoteSwiftPackageReference "firebase-ios-sdk" */;
			productName = FirebaseStorage;
		};
/* End XCSwiftPackageProductDependency section */
	};
	rootObject = 7989A6A22CD1648200DFC039 /* Project object */;
}
